#include <iostream>
using namespace std;

double add(double a, double b) {
    return a + b;
}

double subtract(double a, double b) {
    return a - b;
}

double multiply(double a, double b) {
    return a * b;
}

double divide(double a, double b) {
    if (b == 0) {
        cout << "Cannot divide by zero!" << endl;
        return 0; // 或者可以返回一個特定的錯誤值
    }
    return a / b;
}

int main() {
    cout << "Welcome to the simple calculator!" << endl;
    cout << "Choose an operation:" << endl;
    cout << "1. Add" << endl;
    cout << "2. Subtract" << endl;
    cout << "3. Multiply" << endl;
    cout << "4. Divide" << endl;

    int choice;
    cout << "Enter choice (1/2/3/4): ";
    cin >> choice;

    double num1, num2;
    cout << "Enter first number: ";
    cin >> num1;
    cout << "Enter second number: ";
    cin >> num2;

    switch (choice) {
    case 1:
        cout << num1 << " + " << num2 << " = " << add(num1, num2) << endl;
        break;
    case 2:
        cout << num1 << " - " << num2 << " = " << subtract(num1, num2) << endl;
        break;
    case 3:
        cout << num1 << " * " << num2 << " = " << multiply(num1, num2) << endl;
        break;
    case 4:
        cout << num1 << " / " << num2 << " = " << divide(num1, num2) << endl;
        break;
    default:
        cout << "Invalid input!" << endl;
    }

    return 0;
}
